
Microsoft Visual Studio Solution File, Format Version 12.00
# Visual Studio Version 17
VisualStudioVersion = 17.3.32611.2
MinimumVisualStudioVersion = 10.0.40219.1
Project("{9A19103F-16F7-4668-BE54-9A1E7A4F7556}") = "JScy.NET", "JScience\JScy.NET.csproj", "{016ADD44-06ED-4901-9D73-3A7AB10BA6DF}"
EndProject
Project("{9A19103F-16F7-4668-BE54-9A1E7A4F7556}") = "ScienceTest", "ScienceTest\ScienceTest.csproj", "{E0987924-82A0-49C2-85D0-8B32B0109D9F}"
EndProject
Global
	GlobalSection(SolutionConfigurationPlatforms) = preSolution
		Debug|Any CPU = Debug|Any CPU
		Release|Any CPU = Release|Any CPU
		TraceAlloc|Any CPU = TraceAlloc|Any CPU
	EndGlobalSection
	GlobalSection(ProjectConfigurationPlatforms) = postSolution
		{016ADD44-06ED-4901-9D73-3A7AB10BA6DF}.Debug|Any CPU.ActiveCfg = Debug|Any CPU
		{016ADD44-06ED-4901-9D73-3A7AB10BA6DF}.Debug|Any CPU.Build.0 = Debug|Any CPU
		{016ADD44-06ED-4901-9D73-3A7AB10BA6DF}.Release|Any CPU.ActiveCfg = Release|Any CPU
		{016ADD44-06ED-4901-9D73-3A7AB10BA6DF}.Release|Any CPU.Build.0 = Release|Any CPU
		{016ADD44-06ED-4901-9D73-3A7AB10BA6DF}.TraceAlloc|Any CPU.ActiveCfg = Release|Any CPU
		{016ADD44-06ED-4901-9D73-3A7AB10BA6DF}.TraceAlloc|Any CPU.Build.0 = Release|Any CPU
		{E0987924-82A0-49C2-85D0-8B32B0109D9F}.Debug|Any CPU.ActiveCfg = Debug|Any CPU
		{E0987924-82A0-49C2-85D0-8B32B0109D9F}.Debug|Any CPU.Build.0 = Debug|Any CPU
		{E0987924-82A0-49C2-85D0-8B32B0109D9F}.Release|Any CPU.ActiveCfg = Release|Any CPU
		{E0987924-82A0-49C2-85D0-8B32B0109D9F}.Release|Any CPU.Build.0 = Release|Any CPU
		{E0987924-82A0-49C2-85D0-8B32B0109D9F}.TraceAlloc|Any CPU.ActiveCfg = Release|Any CPU
		{E0987924-82A0-49C2-85D0-8B32B0109D9F}.TraceAlloc|Any CPU.Build.0 = Release|Any CPU
	EndGlobalSection
	GlobalSection(SolutionProperties) = preSolution
		HideSolutionNode = FALSE
	EndGlobalSection
	GlobalSection(ExtensibilityGlobals) = postSolution
		SolutionGuid = {45C62C34-76A1-469E-9665-4F71E3E879D8}
	EndGlobalSection
EndGlobal
